<?xml version="1.0" encoding="UTF-8" standalone="yes" ?>
<CodeBlocks_project_file>
	<FileVersion major="1" minor="6" />
	<Project>
		<Option title="LoadPCGFF" />
		<Option pch_mode="2" />
		<Option compiler="x68000_gcc_compiler" />
		<Build>
			<Target title="default">
				<Option output="default/LoadPCGFF" prefix_auto="1" extension_auto="0" />
				<Option type="1" />
				<Option compiler="x68000_gcc_compiler" />
				<Compiler>
					<Add option="-g" />
				</Compiler>
			</Target>
			<Target title="Lydux">
				<Option output="lyndux/LoadPCGFF" prefix_auto="1" extension_auto="0" />
				<Option type="1" />
				<Option compiler="human68k_gcc" />
				<Compiler>
					<Add option="-g" />
				</Compiler>
				<Linker>
					<Add option="-Wl,-q,-Map=$(TARGET_OUTPUT_FILE).map,--cref" />
				</Linker>
				<ExtraCommands>
					<Add after="human68k-objcopy -v -O xfile $(TARGET_OUTPUT_FILE) $(TARGET_OUTPUT_FILE).X" />
				</ExtraCommands>
			</Target>
		</Build>
		<Unit filename="main.c">
			<Option compilerVar="CC" />
		</Unit>
		<Unit filename="utils.c">
			<Option compilerVar="CC" />
		</Unit>
		<Unit filename="utils.h" />
		<Extensions />
	</Project>
</CodeBlocks_project_file>
