<?xml version="1.0" encoding="UTF-8" standalone="yes" ?>
<CodeBlocks_project_file>
	<FileVersion major="1" minor="6" />
	<Project>
		<Option title="MarioKart" />
		<Option pch_mode="2" />
		<Option compiler="x68000_gcc_compiler" />
		<Build>
			<Target title="MarioKart_mariko">
				<Option output="MarioKart_mariko/MarioKart" prefix_auto="1" extension_auto="0" />
				<Option object_output=".mariko_objs" />
				<Option type="1" />
				<Option compiler="x68000_gcc_compiler" />
			</Target>
			<Target title="MarioKart_lydux">
				<Option output="MarioKart_lydux/MarioKart" prefix_auto="1" extension_auto="0" />
				<Option object_output=".lydux_objs" />
				<Option type="1" />
				<Option compiler="human68k_gcc" />
				<Linker>
					<Add option="-Wl,-q,-Map=.lydux_objs\MarioKart.map,--cref" />
				</Linker>
				<ExtraCommands>
					<Add after="human68k-objcopy.bat -v -O xfile $(TARGET_OUTPUT_FILE) $(TARGET_OUTPUT_FILE).X &amp;&amp; del /Q $(TARGET_OUTPUT_FILE)" />
				</ExtraCommands>
			</Target>
		</Build>
		<Unit filename="main.c">
			<Option compilerVar="CC" />
		</Unit>
		<Unit filename="utils.c">
			<Option compilerVar="CC" />
		</Unit>
		<Unit filename="utils.h" />
		<Extensions />
	</Project>
</CodeBlocks_project_file>
