<?xml version="1.0" encoding="UTF-8" standalone="yes" ?>
<CodeBlocks_project_file>
	<FileVersion major="1" minor="6" />
	<Project>
		<Option title="Sonic" />
		<Option pch_mode="2" />
		<Option compiler="x68000_gcc_compiler" />
		<Build>
			<Target title="default">
				<Option output="default/Sonic" prefix_auto="1" extension_auto="0" />
				<Option type="1" />
				<Option compiler="x68000_gcc_compiler" />
				<Compiler>
					<Add option="-g" />
				</Compiler>
			</Target>
			<Target title="lydux">
				<Option output="lydux/Sonic" prefix_auto="1" extension_auto="0" />
				<Option object_output=".lydux_objs" />
				<Option type="1" />
				<Option compiler="human68k_gcc" />
				<Compiler>
					<Add option="-D__FIX__" />
				</Compiler>
				<Linker>
					<Add option="-Wl,-q,-Map=$(TARGET_OUTPUT_FILE).map,--cref" />
				</Linker>
				<ExtraCommands>
					<Add after="human68k-objcopy.exe -O xfile $(TARGET_OUTPUT_FILE) $(TARGET_OUTPUT_FILE).X" />
				</ExtraCommands>
			</Target>
			<Target title="lydux (Docker)">
				<Option output="lydux_docker/Sonic" prefix_auto="1" extension_auto="0" />
				<Option object_output=".lydux_docker_objs" />
				<Option type="1" />
				<Option compiler="human68k_gcc_docker" />
				<Linker>
					<Add option="-Wl,-q,-Map=$(TARGET_OUTPUT_FILE).map,--cref" />
				</Linker>
				<ExtraCommands>
					<Add after="human68k-objcopy.bat -v -O xfile $(TARGET_OUTPUT_FILE) $(TARGET_OUTPUT_FILE).X &amp;&amp; del /Q $(TARGET_OUTPUT_FILE)" />
				</ExtraCommands>
			</Target>
		</Build>
		<Unit filename="asm/files.S">
			<Option weight="91" />
			<Option target="lydux" />
		</Unit>
		<Unit filename="asm/nfiles.S">
			<Option weight="90" />
			<Option target="lydux" />
		</Unit>
		<Unit filename="main.c">
			<Option compilerVar="CC" />
		</Unit>
		<Unit filename="newlib_fixes.h">
			<Option target="lydux" />
		</Unit>
		<Unit filename="utils.c">
			<Option compilerVar="CC" />
		</Unit>
		<Unit filename="utils.h" />
		<Extensions />
	</Project>
</CodeBlocks_project_file>
